
Microsoft Visual Studio Solution File, Format Version 12.00
# Visual Studio Version 17
VisualStudioVersion = 17.0.31903.59
MinimumVisualStudioVersion = 10.0.40219.1
Project("{FAE04EC0-301F-11D3-BF4B-00C04F79EFBC}") = "mianeh2", "mianeh2\mianeh2.csproj", "{2BF77633-844E-477B-9647-47B1742B50FD}"
EndProject
Global
	GlobalSection(SolutionConfigurationPlatforms) = preSolution
		Debug|Any CPU = Debug|Any CPU
		Release|Any CPU = Release|Any CPU
	EndGlobalSection
	GlobalSection(ProjectConfigurationPlatforms) = postSolution
		{2BF77633-844E-477B-9647-47B1742B50FD}.Debug|Any CPU.ActiveCfg = Debug|Any CPU
		{2BF77633-844E-477B-9647-47B1742B50FD}.Debug|Any CPU.Build.0 = Debug|Any CPU
		{2BF77633-844E-477B-9647-47B1742B50FD}.Release|Any CPU.ActiveCfg = Release|Any CPU
		{2BF77633-844E-477B-9647-47B1742B50FD}.Release|Any CPU.Build.0 = Release|Any CPU
	EndGlobalSection
	GlobalSection(SolutionProperties) = preSolution
		HideSolutionNode = FALSE
	EndGlobalSection
	GlobalSection(ExtensibilityGlobals) = postSolution
		SolutionGuid = {694B2B63-7397-4F04-98ED-95DDDF658B6A}
	EndGlobalSection
EndGlobal
